{
  "version": 4,
  "terraform_version": "1.5.6",
  "serial": 7,
  "lineage": "7894343e-6394-5b6b-56fa-a7a89f49c935",
  "outputs": {
    "registry_hostname": {
      "value": "flixtube123.azurecr.io",
      "type": "string"
    },
    "registry_pw": {
      "value": "07dp8nnocmJwws84r2qUZaw4lBMTB1H3ACFsrw4Oza+ACRBvLIhL",
      "type": "string",
      "sensitive": true
    },
    "registry_un": {
      "value": "flixtube123",
      "type": "string"
    }
  },
  "resources": [
    {
      "mode": "managed",
      "type": "azurerm_container_registry",
      "name": "container_registry",
      "provider": "provider[\"registry.terraform.io/hashicorp/azurerm\"]",
      "instances": [
        {
          "schema_version": 2,
          "attributes": {
            "admin_enabled": true,
            "admin_password": "07dp8nnocmJwws84r2qUZaw4lBMTB1H3ACFsrw4Oza+ACRBvLIhL",
            "admin_username": "flixtube123",
            "anonymous_pull_enabled": false,
            "data_endpoint_enabled": false,
            "encryption": [
              {
                "enabled": false,
                "identity_client_id": "",
                "key_vault_key_id": ""
              }
            ],
            "export_policy_enabled": true,
            "georeplications": [],
            "id": "/subscriptions/3d3c192e-b0c5-4d05-908a-6f514a8d4957/resourceGroups/flixtube/providers/Microsoft.ContainerRegistry/registries/flixtube123",
            "identity": [],
            "location": "westus",
            "login_server": "flixtube123.azurecr.io",
            "name": "flixtube123",
            "network_rule_bypass_option": "AzureServices",
            "network_rule_set": [],
            "public_network_access_enabled": true,
            "quarantine_policy_enabled": false,
            "resource_group_name": "flixtube",
            "retention_policy": [
              {
                "days": 7,
                "enabled": false
              }
            ],
            "sku": "Basic",
            "tags": null,
            "timeouts": null,
            "trust_policy": [
              {
                "enabled": false
              }
            ],
            "zone_redundancy_enabled": false
          },
          "sensitive_attributes": [],
          "private": "eyJlMmJmYjczMC1lY2FhLTExZTYtOGY4OC0zNDM2M2JjN2M0YzAiOnsiY3JlYXRlIjoxODAwMDAwMDAwMDAwLCJkZWxldGUiOjE4MDAwMDAwMDAwMDAsInJlYWQiOjMwMDAwMDAwMDAwMCwidXBkYXRlIjoxODAwMDAwMDAwMDAwfSwic2NoZW1hX3ZlcnNpb24iOiIyIn0=",
          "dependencies": [
            "azurerm_resource_group.flixtube"
          ]
        }
      ]
    },
    {
      "mode": "managed",
      "type": "azurerm_resource_group",
      "name": "flixtube",
      "provider": "provider[\"registry.terraform.io/hashicorp/azurerm\"]",
      "instances": [
        {
          "schema_version": 0,
          "attributes": {
            "id": "/subscriptions/3d3c192e-b0c5-4d05-908a-6f514a8d4957/resourceGroups/flixtube",
            "location": "westus",
            "managed_by": "",
            "name": "flixtube",
            "tags": {},
            "timeouts": null
          },
          "sensitive_attributes": [],
          "private": "eyJlMmJmYjczMC1lY2FhLTExZTYtOGY4OC0zNDM2M2JjN2M0YzAiOnsiY3JlYXRlIjo1NDAwMDAwMDAwMDAwLCJkZWxldGUiOjU0MDAwMDAwMDAwMDAsInJlYWQiOjMwMDAwMDAwMDAwMCwidXBkYXRlIjo1NDAwMDAwMDAwMDAwfX0="
        }
      ]
    }
  ],
  "check_results": null
}
